
Microsoft Visual Studio Solution File, Format Version 12.00
# Visual Studio Version 16
VisualStudioVersion = 16.0.29806.167
MinimumVisualStudioVersion = 10.0.40219.1
Project("{FAE04EC0-301F-11D3-BF4B-00C04F79EFBC}") = "MediatR.Demo", "MediatR.Demo\MediatR.Demo.csproj", "{6341CF25-D34C-4D6B-A97C-C57152338FA2}"
EndProject
Global
	GlobalSection(SolutionConfigurationPlatforms) = preSolution
		Debug|Any CPU = Debug|Any CPU
		Release|Any CPU = Release|Any CPU
	EndGlobalSection
	GlobalSection(ProjectConfigurationPlatforms) = postSolution
		{6341CF25-D34C-4D6B-A97C-C57152338FA2}.Debug|Any CPU.ActiveCfg = Debug|Any CPU
		{6341CF25-D34C-4D6B-A97C-C57152338FA2}.Debug|Any CPU.Build.0 = Debug|Any CPU
		{6341CF25-D34C-4D6B-A97C-C57152338FA2}.Release|Any CPU.ActiveCfg = Release|Any CPU
		{6341CF25-D34C-4D6B-A97C-C57152338FA2}.Release|Any CPU.Build.0 = Release|Any CPU
	EndGlobalSection
	GlobalSection(SolutionProperties) = preSolution
		HideSolutionNode = FALSE
	EndGlobalSection
	GlobalSection(ExtensibilityGlobals) = postSolution
		SolutionGuid = {DA586F9D-4421-4EE1-A1FE-4E8E310D8A07}
	EndGlobalSection
EndGlobal
